
Microsoft Visual Studio Solution File, Format Version 12.00
# Visual Studio 14
VisualStudioVersion = 14.0.25420.1
MinimumVisualStudioVersion = 10.0.40219.1
Project("{FAE04EC0-301F-11D3-BF4B-00C04F79EFBC}") = "MSTaxis.WebApi", "MSTaxis.WebApi\MSTaxis.WebApi.csproj", "{EEC6AC65-4F49-418B-B2D4-67DF9D253AE6}"
EndProject
Project("{2150E333-8FDC-42A3-9474-1A3956D46DE8}") = "Business", "Business", "{F0F5CE6C-C278-4F0E-9254-E95038B569C6}"
EndProject
Project("{2150E333-8FDC-42A3-9474-1A3956D46DE8}") = "Core", "Core", "{3DC98A99-C710-4CCE-96AC-F407C7EF4AB3}"
EndProject
Project("{2150E333-8FDC-42A3-9474-1A3956D46DE8}") = "Domain", "Domain", "{A4E25670-E3B9-429D-A7F7-E8C59E373A2B}"
EndProject
Project("{2150E333-8FDC-42A3-9474-1A3956D46DE8}") = "Helpers", "Helpers", "{AC19FAC4-12BF-4D60-8A12-3795B4AE7ECF}"
EndProject
Project("{2150E333-8FDC-42A3-9474-1A3956D46DE8}") = "Services", "Services", "{40D74AB0-9712-4AF0-817B-7D706776AFB4}"
EndProject
Project("{FAE04EC0-301F-11D3-BF4B-00C04F79EFBC}") = "MSTaxis.IBusiness", "MSTaxis.IBusiness\MSTaxis.IBusiness.csproj", "{D21F5041-642E-4018-AEE7-A01FA9E36F4C}"
EndProject
Project("{FAE04EC0-301F-11D3-BF4B-00C04F79EFBC}") = "MSTaxis.Business", "MSTaxis.Business\MSTaxis.Business.csproj", "{1AC1E623-6F88-462F-A44D-EBC6E73743C3}"
EndProject
Project("{FAE04EC0-301F-11D3-BF4B-00C04F79EFBC}") = "MSTaxis.IRepository", "MSTaxis.IRepository\MSTaxis.IRepository.csproj", "{EA7C4CFF-BAE2-487A-8512-AFB8D2FD20DF}"
EndProject
Project("{FAE04EC0-301F-11D3-BF4B-00C04F79EFBC}") = "MSTaxis.Repository", "MSTaxis.Repository\MSTaxis.Repository.csproj", "{74CFC47D-846E-4EAF-A9D2-EE73C74856C8}"
EndProject
Project("{FAE04EC0-301F-11D3-BF4B-00C04F79EFBC}") = "MSTaxis.Service", "MSTaxis.Service\MSTaxis.Service.csproj", "{448F86C4-223D-43C7-AD08-9E4FB68F1F50}"
EndProject
Project("{FAE04EC0-301F-11D3-BF4B-00C04F79EFBC}") = "MSTaxis.Enums", "MSTaxis.Enums\MSTaxis.Enums.csproj", "{E414C5CC-F13F-48EF-AE6F-F09B2A037EFA}"
EndProject
Project("{FAE04EC0-301F-11D3-BF4B-00C04F79EFBC}") = "MSTaxis.Mappers", "MSTaxis.Mappers\MSTaxis.Mappers.csproj", "{351324BE-FE16-43AA-8785-D9C294606B4E}"
EndProject
Project("{FAE04EC0-301F-11D3-BF4B-00C04F79EFBC}") = "MSTaxis.Models", "MSTaxis.Models\MSTaxis.Models.csproj", "{183F6219-5267-439B-AB7E-21C601C559B4}"
EndProject
Project("{FAE04EC0-301F-11D3-BF4B-00C04F79EFBC}") = "MSTaxis.Models.Dtos", "MSTaxis.Models.Dtos\MSTaxis.Models.Dtos.csproj", "{A84D9AA0-4C2C-4B69-9D5E-C0FC53A32F9D}"
EndProject
Project("{FAE04EC0-301F-11D3-BF4B-00C04F79EFBC}") = "MSTaxis.Helpers", "MSTaxis.Helpers\MSTaxis.Helpers.csproj", "{A48BF8BA-2510-43C1-A7DB-FD7A48535E0B}"
EndProject
Project("{FAE04EC0-301F-11D3-BF4B-00C04F79EFBC}") = "MSTaxis.IServices", "MSTaxis.IServices\MSTaxis.IServices.csproj", "{FDC8B5E0-D453-4939-B1DB-4DBC736D8362}"
EndProject
Project("{FAE04EC0-301F-11D3-BF4B-00C04F79EFBC}") = "MSTaxis.Services", "MSTaxis.Services\MSTaxis.Services.csproj", "{87C57FBC-D4BA-45A5-9CCC-AF6DBAE1FCCB}"
EndProject
Global
	GlobalSection(SolutionConfigurationPlatforms) = preSolution
		Debug|Any CPU = Debug|Any CPU
		Release|Any CPU = Release|Any CPU
	EndGlobalSection
	GlobalSection(ProjectConfigurationPlatforms) = postSolution
		{EEC6AC65-4F49-418B-B2D4-67DF9D253AE6}.Debug|Any CPU.ActiveCfg = Debug|Any CPU
		{EEC6AC65-4F49-418B-B2D4-67DF9D253AE6}.Debug|Any CPU.Build.0 = Debug|Any CPU
		{EEC6AC65-4F49-418B-B2D4-67DF9D253AE6}.Release|Any CPU.ActiveCfg = Release|Any CPU
		{EEC6AC65-4F49-418B-B2D4-67DF9D253AE6}.Release|Any CPU.Build.0 = Release|Any CPU
		{D21F5041-642E-4018-AEE7-A01FA9E36F4C}.Debug|Any CPU.ActiveCfg = Debug|Any CPU
		{D21F5041-642E-4018-AEE7-A01FA9E36F4C}.Debug|Any CPU.Build.0 = Debug|Any CPU
		{D21F5041-642E-4018-AEE7-A01FA9E36F4C}.Release|Any CPU.ActiveCfg = Release|Any CPU
		{D21F5041-642E-4018-AEE7-A01FA9E36F4C}.Release|Any CPU.Build.0 = Release|Any CPU
		{1AC1E623-6F88-462F-A44D-EBC6E73743C3}.Debug|Any CPU.ActiveCfg = Debug|Any CPU
		{1AC1E623-6F88-462F-A44D-EBC6E73743C3}.Debug|Any CPU.Build.0 = Debug|Any CPU
		{1AC1E623-6F88-462F-A44D-EBC6E73743C3}.Release|Any CPU.ActiveCfg = Release|Any CPU
		{1AC1E623-6F88-462F-A44D-EBC6E73743C3}.Release|Any CPU.Build.0 = Release|Any CPU
		{EA7C4CFF-BAE2-487A-8512-AFB8D2FD20DF}.Debug|Any CPU.ActiveCfg = Debug|Any CPU
		{EA7C4CFF-BAE2-487A-8512-AFB8D2FD20DF}.Debug|Any CPU.Build.0 = Debug|Any CPU
		{EA7C4CFF-BAE2-487A-8512-AFB8D2FD20DF}.Release|Any CPU.ActiveCfg = Release|Any CPU
		{EA7C4CFF-BAE2-487A-8512-AFB8D2FD20DF}.Release|Any CPU.Build.0 = Release|Any CPU
		{74CFC47D-846E-4EAF-A9D2-EE73C74856C8}.Debug|Any CPU.ActiveCfg = Debug|Any CPU
		{74CFC47D-846E-4EAF-A9D2-EE73C74856C8}.Debug|Any CPU.Build.0 = Debug|Any CPU
		{74CFC47D-846E-4EAF-A9D2-EE73C74856C8}.Release|Any CPU.ActiveCfg = Release|Any CPU
		{74CFC47D-846E-4EAF-A9D2-EE73C74856C8}.Release|Any CPU.Build.0 = Release|Any CPU
		{448F86C4-223D-43C7-AD08-9E4FB68F1F50}.Debug|Any CPU.ActiveCfg = Debug|Any CPU
		{448F86C4-223D-43C7-AD08-9E4FB68F1F50}.Debug|Any CPU.Build.0 = Debug|Any CPU
		{448F86C4-223D-43C7-AD08-9E4FB68F1F50}.Release|Any CPU.ActiveCfg = Release|Any CPU
		{448F86C4-223D-43C7-AD08-9E4FB68F1F50}.Release|Any CPU.Build.0 = Release|Any CPU
		{E414C5CC-F13F-48EF-AE6F-F09B2A037EFA}.Debug|Any CPU.ActiveCfg = Debug|Any CPU
		{E414C5CC-F13F-48EF-AE6F-F09B2A037EFA}.Debug|Any CPU.Build.0 = Debug|Any CPU
		{E414C5CC-F13F-48EF-AE6F-F09B2A037EFA}.Release|Any CPU.ActiveCfg = Release|Any CPU
		{E414C5CC-F13F-48EF-AE6F-F09B2A037EFA}.Release|Any CPU.Build.0 = Release|Any CPU
		{351324BE-FE16-43AA-8785-D9C294606B4E}.Debug|Any CPU.ActiveCfg = Debug|Any CPU
		{351324BE-FE16-43AA-8785-D9C294606B4E}.Debug|Any CPU.Build.0 = Debug|Any CPU
		{351324BE-FE16-43AA-8785-D9C294606B4E}.Release|Any CPU.ActiveCfg = Release|Any CPU
		{351324BE-FE16-43AA-8785-D9C294606B4E}.Release|Any CPU.Build.0 = Release|Any CPU
		{183F6219-5267-439B-AB7E-21C601C559B4}.Debug|Any CPU.ActiveCfg = Debug|Any CPU
		{183F6219-5267-439B-AB7E-21C601C559B4}.Debug|Any CPU.Build.0 = Debug|Any CPU
		{183F6219-5267-439B-AB7E-21C601C559B4}.Release|Any CPU.ActiveCfg = Release|Any CPU
		{183F6219-5267-439B-AB7E-21C601C559B4}.Release|Any CPU.Build.0 = Release|Any CPU
		{A84D9AA0-4C2C-4B69-9D5E-C0FC53A32F9D}.Debug|Any CPU.ActiveCfg = Debug|Any CPU
		{A84D9AA0-4C2C-4B69-9D5E-C0FC53A32F9D}.Debug|Any CPU.Build.0 = Debug|Any CPU
		{A84D9AA0-4C2C-4B69-9D5E-C0FC53A32F9D}.Release|Any CPU.ActiveCfg = Release|Any CPU
		{A84D9AA0-4C2C-4B69-9D5E-C0FC53A32F9D}.Release|Any CPU.Build.0 = Release|Any CPU
		{A48BF8BA-2510-43C1-A7DB-FD7A48535E0B}.Debug|Any CPU.ActiveCfg = Debug|Any CPU
		{A48BF8BA-2510-43C1-A7DB-FD7A48535E0B}.Debug|Any CPU.Build.0 = Debug|Any CPU
		{A48BF8BA-2510-43C1-A7DB-FD7A48535E0B}.Release|Any CPU.ActiveCfg = Release|Any CPU
		{A48BF8BA-2510-43C1-A7DB-FD7A48535E0B}.Release|Any CPU.Build.0 = Release|Any CPU
		{FDC8B5E0-D453-4939-B1DB-4DBC736D8362}.Debug|Any CPU.ActiveCfg = Debug|Any CPU
		{FDC8B5E0-D453-4939-B1DB-4DBC736D8362}.Debug|Any CPU.Build.0 = Debug|Any CPU
		{FDC8B5E0-D453-4939-B1DB-4DBC736D8362}.Release|Any CPU.ActiveCfg = Release|Any CPU
		{FDC8B5E0-D453-4939-B1DB-4DBC736D8362}.Release|Any CPU.Build.0 = Release|Any CPU
		{87C57FBC-D4BA-45A5-9CCC-AF6DBAE1FCCB}.Debug|Any CPU.ActiveCfg = Debug|Any CPU
		{87C57FBC-D4BA-45A5-9CCC-AF6DBAE1FCCB}.Debug|Any CPU.Build.0 = Debug|Any CPU
		{87C57FBC-D4BA-45A5-9CCC-AF6DBAE1FCCB}.Release|Any CPU.ActiveCfg = Release|Any CPU
		{87C57FBC-D4BA-45A5-9CCC-AF6DBAE1FCCB}.Release|Any CPU.Build.0 = Release|Any CPU
	EndGlobalSection
	GlobalSection(SolutionProperties) = preSolution
		HideSolutionNode = FALSE
	EndGlobalSection
	GlobalSection(NestedProjects) = preSolution
		{D21F5041-642E-4018-AEE7-A01FA9E36F4C} = {F0F5CE6C-C278-4F0E-9254-E95038B569C6}
		{1AC1E623-6F88-462F-A44D-EBC6E73743C3} = {F0F5CE6C-C278-4F0E-9254-E95038B569C6}
		{EA7C4CFF-BAE2-487A-8512-AFB8D2FD20DF} = {3DC98A99-C710-4CCE-96AC-F407C7EF4AB3}
		{74CFC47D-846E-4EAF-A9D2-EE73C74856C8} = {3DC98A99-C710-4CCE-96AC-F407C7EF4AB3}
		{448F86C4-223D-43C7-AD08-9E4FB68F1F50} = {3DC98A99-C710-4CCE-96AC-F407C7EF4AB3}
		{E414C5CC-F13F-48EF-AE6F-F09B2A037EFA} = {A4E25670-E3B9-429D-A7F7-E8C59E373A2B}
		{351324BE-FE16-43AA-8785-D9C294606B4E} = {A4E25670-E3B9-429D-A7F7-E8C59E373A2B}
		{183F6219-5267-439B-AB7E-21C601C559B4} = {A4E25670-E3B9-429D-A7F7-E8C59E373A2B}
		{A84D9AA0-4C2C-4B69-9D5E-C0FC53A32F9D} = {A4E25670-E3B9-429D-A7F7-E8C59E373A2B}
		{A48BF8BA-2510-43C1-A7DB-FD7A48535E0B} = {AC19FAC4-12BF-4D60-8A12-3795B4AE7ECF}
		{FDC8B5E0-D453-4939-B1DB-4DBC736D8362} = {40D74AB0-9712-4AF0-817B-7D706776AFB4}
		{87C57FBC-D4BA-45A5-9CCC-AF6DBAE1FCCB} = {40D74AB0-9712-4AF0-817B-7D706776AFB4}
	EndGlobalSection
EndGlobal
